
Microsoft Visual Studio Solution File, Format Version 12.00
# Visual Studio Version 17
VisualStudioVersion = 17.5.002.0
MinimumVisualStudioVersion = 10.0.40219.1
Project("{9A19103F-16F7-4668-BE54-9A1E7A4F7556}") = "14-question-program-Nash-Finkbeiner-Student", "14-question-program-Nash-Finkbeiner-Student.csproj", "{F7192AF3-0FBD-4490-93B1-C5DF799CDD92}"
EndProject
Global
	GlobalSection(SolutionConfigurationPlatforms) = preSolution
		Debug|Any CPU = Debug|Any CPU
		Release|Any CPU = Release|Any CPU
	EndGlobalSection
	GlobalSection(ProjectConfigurationPlatforms) = postSolution
		{F7192AF3-0FBD-4490-93B1-C5DF799CDD92}.Debug|Any CPU.ActiveCfg = Debug|Any CPU
		{F7192AF3-0FBD-4490-93B1-C5DF799CDD92}.Debug|Any CPU.Build.0 = Debug|Any CPU
		{F7192AF3-0FBD-4490-93B1-C5DF799CDD92}.Release|Any CPU.ActiveCfg = Release|Any CPU
		{F7192AF3-0FBD-4490-93B1-C5DF799CDD92}.Release|Any CPU.Build.0 = Release|Any CPU
	EndGlobalSection
	GlobalSection(SolutionProperties) = preSolution
		HideSolutionNode = FALSE
	EndGlobalSection
	GlobalSection(ExtensibilityGlobals) = postSolution
		SolutionGuid = {3021FA71-9BE9-480B-A712-846F080CE305}
	EndGlobalSection
EndGlobal
